
Microsoft Visual Studio Solution File, Format Version 12.00
# Visual Studio Version 17
VisualStudioVersion = 17.3.32929.385
MinimumVisualStudioVersion = 10.0.40219.1
Project("{FAE04EC0-301F-11D3-BF4B-00C04F79EFBC}") = "StudentAdminPortal.API", "StudentAdminPortal.API\StudentAdminPortal.API.csproj", "{632FA338-432B-4231-A725-70C90A174347}"
EndProject
Global
	GlobalSection(SolutionConfigurationPlatforms) = preSolution
		Debug|Any CPU = Debug|Any CPU
		Release|Any CPU = Release|Any CPU
	EndGlobalSection
	GlobalSection(ProjectConfigurationPlatforms) = postSolution
		{632FA338-432B-4231-A725-70C90A174347}.Debug|Any CPU.ActiveCfg = Debug|Any CPU
		{632FA338-432B-4231-A725-70C90A174347}.Debug|Any CPU.Build.0 = Debug|Any CPU
		{632FA338-432B-4231-A725-70C90A174347}.Release|Any CPU.ActiveCfg = Release|Any CPU
		{632FA338-432B-4231-A725-70C90A174347}.Release|Any CPU.Build.0 = Release|Any CPU
	EndGlobalSection
	GlobalSection(SolutionProperties) = preSolution
		HideSolutionNode = FALSE
	EndGlobalSection
	GlobalSection(ExtensibilityGlobals) = postSolution
		SolutionGuid = {1B998E3C-EF2F-4258-A379-01B587EFCD88}
	EndGlobalSection
EndGlobal
